// !$*UTF8*$!
{
	archiveVersion = 1;
	classes = {
	};
	objectVersion = 56;
	objects = {

/* Begin PBXBuildFile section */
		1C465C632AB5ACAB00B27748 /* NavigationBarHStackView.swift in Sources */ = {isa = PBXBuildFile; fileRef = 1C465C622AB5ACAB00B27748 /* NavigationBarHStackView.swift */; };
		1C56AB692AB2A19D0040B789 /* CoreTodoTests.swift in Sources */ = {isa = PBXBuildFile; fileRef = 1C56AB682AB2A19D0040B789 /* CoreTodoTests.swift */; };
		1C56AB732AB2A19D0040B789 /* CoreTodoUITests.swift in Sources */ = {isa = PBXBuildFile; fileRef = 1C56AB722AB2A19D0040B789 /* CoreTodoUITests.swift */; };
		1C56AB752AB2A19D0040B789 /* CoreTodoUITestsLaunchTests.swift in Sources */ = {isa = PBXBuildFile; fileRef = 1C56AB742AB2A19D0040B789 /* CoreTodoUITestsLaunchTests.swift */; };
		1C56AB8A2AB2A4010040B789 /* AppDelegate.swift in Sources */ = {isa = PBXBuildFile; fileRef = 1C56AB882AB2A4010040B789 /* AppDelegate.swift */; };
		1C56AB8B2AB2A4010040B789 /* SceneDelegate.swift in Sources */ = {isa = PBXBuildFile; fileRef = 1C56AB892AB2A4010040B789 /* SceneDelegate.swift */; };
		1C56AB8E2AB2A6520040B789 /* Coordinator.swift in Sources */ = {isa = PBXBuildFile; fileRef = 1C56AB8D2AB2A6520040B789 /* Coordinator.swift */; };
		1C56AB9E2AB2A8940040B789 /* IGProfileDesignViewController.swift in Sources */ = {isa = PBXBuildFile; fileRef = 1C56AB9D2AB2A8940040B789 /* IGProfileDesignViewController.swift */; };
		1C56ABA92AB2CFD80040B789 /* Assets.xcassets in Resources */ = {isa = PBXBuildFile; fileRef = 1C56ABA42AB2CFD80040B789 /* Assets.xcassets */; };
		1C56ABAA2AB2CFD80040B789 /* CoreTodo.xcdatamodeld in Sources */ = {isa = PBXBuildFile; fileRef = 1C56ABA52AB2CFD80040B789 /* CoreTodo.xcdatamodeld */; };
		1C56ABAD2AB2D2000040B789 /* LaunchScreen.storyboard in Resources */ = {isa = PBXBuildFile; fileRef = 1C56ABAC2AB2D2000040B789 /* LaunchScreen.storyboard */; };
		1C56ABAF2AB2E0700040B789 /* StringLiterals.swift in Sources */ = {isa = PBXBuildFile; fileRef = 1C56ABAE2AB2E0700040B789 /* StringLiterals.swift */; };
		1C56ABB42AB3F3750040B789 /* SnapKit in Frameworks */ = {isa = PBXBuildFile; productRef = 1C56ABB32AB3F3750040B789 /* SnapKit */; };
		1C56ABB72AB3F38D0040B789 /* Then in Frameworks */ = {isa = PBXBuildFile; productRef = 1C56ABB62AB3F38D0040B789 /* Then */; };
		1C56ABBF2AB41A6A0040B789 /* UIColor+Hexadecimal.swift in Sources */ = {isa = PBXBuildFile; fileRef = 1C56ABBE2AB41A6A0040B789 /* UIColor+Hexadecimal.swift */; };
		1C56ABC52AB41D260040B789 /* UIViewControllerConfigurable.swift in Sources */ = {isa = PBXBuildFile; fileRef = 1C56ABC42AB41D260040B789 /* UIViewControllerConfigurable.swift */; };
		1C56ABCA2AB44A840040B789 /* UIStackViewConfigurable.swift in Sources */ = {isa = PBXBuildFile; fileRef = 1C56ABC92AB44A840040B789 /* UIStackViewConfigurable.swift */; };
		1C56ABCE2AB44E4A0040B789 /* UIStackView+AddArrangedSubviews.swift in Sources */ = {isa = PBXBuildFile; fileRef = 1C56ABCD2AB44E4A0040B789 /* UIStackView+AddArrangedSubviews.swift */; };
		1C56ABD02AB454D80040B789 /* UIView+AddSubviews.swift in Sources */ = {isa = PBXBuildFile; fileRef = 1C56ABCF2AB454D80040B789 /* UIView+AddSubviews.swift */; };
		1C56ABD62AB456B70040B789 /* MiddleBarHStackView.swift in Sources */ = {isa = PBXBuildFile; fileRef = 1C56ABD52AB456B70040B789 /* MiddleBarHStackView.swift */; };
		1C56ABD82AB4AA060040B789 /* UserFollowInfoHStackView.swift in Sources */ = {isa = PBXBuildFile; fileRef = 1C56ABD72AB4AA060040B789 /* UserFollowInfoHStackView.swift */; };
		1C56ABDC2AB4AAB00040B789 /* UserInfoVStackView.swift in Sources */ = {isa = PBXBuildFile; fileRef = 1C56ABDB2AB4AAB00040B789 /* UserInfoVStackView.swift */; };
		1C5BB6E42AB937220033B6C8 /* AppCoordinator.swift in Sources */ = {isa = PBXBuildFile; fileRef = 1C5BB6E32AB937220033B6C8 /* AppCoordinator.swift */; };
		1C5BB6E72AB948510033B6C8 /* HomeViewController.swift in Sources */ = {isa = PBXBuildFile; fileRef = 1C5BB6E62AB948510033B6C8 /* HomeViewController.swift */; };
		1C5BB6E92AB948ED0033B6C8 /* HomeViewCoordinator.swift in Sources */ = {isa = PBXBuildFile; fileRef = 1C5BB6E82AB948ED0033B6C8 /* HomeViewCoordinator.swift */; };
		1C5BB6EE2AB9B86C0033B6C8 /* CAAnimationGradientLayer.swift in Sources */ = {isa = PBXBuildFile; fileRef = 1C5BB6ED2AB9B86C0033B6C8 /* CAAnimationGradientLayer.swift */; };
		1C5BB6F92ABAEACD0033B6C8 /* TaskGroupViewController.swift in Sources */ = {isa = PBXBuildFile; fileRef = 1C5BB6F82ABAEACD0033B6C8 /* TaskGroupViewController.swift */; };
		1C5BB6FD2ABAEB700033B6C8 /* TaskGroupViewCoordinator.swift in Sources */ = {isa = PBXBuildFile; fileRef = 1C5BB6FC2ABAEB700033B6C8 /* TaskGroupViewCoordinator.swift */; };
		1C5BB6FF2ABB17BF0033B6C8 /* NavigationCell.swift in Sources */ = {isa = PBXBuildFile; fileRef = 1C5BB6FE2ABB17BF0033B6C8 /* NavigationCell.swift */; };
		1C5BB7012ABB5BB90033B6C8 /* TaskCell.swift in Sources */ = {isa = PBXBuildFile; fileRef = 1C5BB7002ABB5BB90033B6C8 /* TaskCell.swift */; };
		1C5BB7032ABBF1B20033B6C8 /* TaskViewModel.swift in Sources */ = {isa = PBXBuildFile; fileRef = 1C5BB7022ABBF1B20033B6C8 /* TaskViewModel.swift */; };
		1C5BB7052ABBF2380033B6C8 /* CoreDataManager.swift in Sources */ = {isa = PBXBuildFile; fileRef = 1C5BB7042ABBF2380033B6C8 /* CoreDataManager.swift */; };
		1C5BB70A2ABC493B0033B6C8 /* IGProfileDesignViewCoordinator.swift in Sources */ = {isa = PBXBuildFile; fileRef = 1C5BB7092ABC493B0033B6C8 /* IGProfileDesignViewCoordinator.swift */; };
		1C5BB70C2ABC61E90033B6C8 /* PhotoCell.swift in Sources */ = {isa = PBXBuildFile; fileRef = 1C5BB70B2ABC61E90033B6C8 /* PhotoCell.swift */; };
/* End PBXBuildFile section */

/* Begin PBXContainerItemProxy section */
		1C56AB652AB2A19C0040B789 /* PBXContainerItemProxy */ = {
			isa = PBXContainerItemProxy;
			containerPortal = 1C56AB432AB2A19B0040B789 /* Project object */;
			proxyType = 1;
			remoteGlobalIDString = 1C56AB4A2AB2A19C0040B789;
			remoteInfo = CoreTodo;
		};
		1C56AB6F2AB2A19D0040B789 /* PBXContainerItemProxy */ = {
			isa = PBXContainerItemProxy;
			containerPortal = 1C56AB432AB2A19B0040B789 /* Project object */;
			proxyType = 1;
			remoteGlobalIDString = 1C56AB4A2AB2A19C0040B789;
			remoteInfo = CoreTodo;
		};
/* End PBXContainerItemProxy section */

/* Begin PBXFileReference section */
		1C465C622AB5ACAB00B27748 /* NavigationBarHStackView.swift */ = {isa = PBXFileReference; lastKnownFileType = sourcecode.swift; path = NavigationBarHStackView.swift; sourceTree = "<group>"; };
		1C56AB4B2AB2A19C0040B789 /* CoreTodo.app */ = {isa = PBXFileReference; explicitFileType = wrapper.application; includeInIndex = 0; path = CoreTodo.app; sourceTree = BUILT_PRODUCTS_DIR; };
		1C56AB642AB2A19C0040B789 /* CoreTodoTests.xctest */ = {isa = PBXFileReference; explicitFileType = wrapper.cfbundle; includeInIndex = 0; path = CoreTodoTests.xctest; sourceTree = BUILT_PRODUCTS_DIR; };
		1C56AB682AB2A19D0040B789 /* CoreTodoTests.swift */ = {isa = PBXFileReference; lastKnownFileType = sourcecode.swift; path = CoreTodoTests.swift; sourceTree = "<group>"; };
		1C56AB6E2AB2A19D0040B789 /* CoreTodoUITests.xctest */ = {isa = PBXFileReference; explicitFileType = wrapper.cfbundle; includeInIndex = 0; path = CoreTodoUITests.xctest; sourceTree = BUILT_PRODUCTS_DIR; };
		1C56AB722AB2A19D0040B789 /* CoreTodoUITests.swift */ = {isa = PBXFileReference; lastKnownFileType = sourcecode.swift; path = CoreTodoUITests.swift; sourceTree = "<group>"; };
		1C56AB742AB2A19D0040B789 /* CoreTodoUITestsLaunchTests.swift */ = {isa = PBXFileReference; lastKnownFileType = sourcecode.swift; path = CoreTodoUITestsLaunchTests.swift; sourceTree = "<group>"; };
		1C56AB882AB2A4010040B789 /* AppDelegate.swift */ = {isa = PBXFileReference; fileEncoding = 4; lastKnownFileType = sourcecode.swift; path = AppDelegate.swift; sourceTree = "<group>"; };
		1C56AB892AB2A4010040B789 /* SceneDelegate.swift */ = {isa = PBXFileReference; fileEncoding = 4; lastKnownFileType = sourcecode.swift; path = SceneDelegate.swift; sourceTree = "<group>"; };
		1C56AB8D2AB2A6520040B789 /* Coordinator.swift */ = {isa = PBXFileReference; lastKnownFileType = sourcecode.swift; path = Coordinator.swift; sourceTree = "<group>"; };
		1C56AB9D2AB2A8940040B789 /* IGProfileDesignViewController.swift */ = {isa = PBXFileReference; lastKnownFileType = sourcecode.swift; path = IGProfileDesignViewController.swift; sourceTree = "<group>"; };
		1C56ABA42AB2CFD80040B789 /* Assets.xcassets */ = {isa = PBXFileReference; lastKnownFileType = folder.assetcatalog; path = Assets.xcassets; sourceTree = "<group>"; };
		1C56ABA62AB2CFD80040B789 /* CoreTodo.xcdatamodel */ = {isa = PBXFileReference; lastKnownFileType = wrapper.xcdatamodel; path = CoreTodo.xcdatamodel; sourceTree = "<group>"; };
		1C56ABA72AB2CFD80040B789 /* Info.plist */ = {isa = PBXFileReference; fileEncoding = 4; lastKnownFileType = text.plist.xml; path = Info.plist; sourceTree = "<group>"; };
		1C56ABAC2AB2D2000040B789 /* LaunchScreen.storyboard */ = {isa = PBXFileReference; lastKnownFileType = file.storyboard; path = LaunchScreen.storyboard; sourceTree = "<group>"; };
		1C56ABAE2AB2E0700040B789 /* StringLiterals.swift */ = {isa = PBXFileReference; lastKnownFileType = sourcecode.swift; path = StringLiterals.swift; sourceTree = "<group>"; };
		1C56ABBE2AB41A6A0040B789 /* UIColor+Hexadecimal.swift */ = {isa = PBXFileReference; lastKnownFileType = sourcecode.swift; path = "UIColor+Hexadecimal.swift"; sourceTree = "<group>"; };
		1C56ABC42AB41D260040B789 /* UIViewControllerConfigurable.swift */ = {isa = PBXFileReference; lastKnownFileType = sourcecode.swift; path = UIViewControllerConfigurable.swift; sourceTree = "<group>"; };
		1C56ABC92AB44A840040B789 /* UIStackViewConfigurable.swift */ = {isa = PBXFileReference; lastKnownFileType = sourcecode.swift; path = UIStackViewConfigurable.swift; sourceTree = "<group>"; };
		1C56ABCD2AB44E4A0040B789 /* UIStackView+AddArrangedSubviews.swift */ = {isa = PBXFileReference; lastKnownFileType = sourcecode.swift; path = "UIStackView+AddArrangedSubviews.swift"; sourceTree = "<group>"; };
		1C56ABCF2AB454D80040B789 /* UIView+AddSubviews.swift */ = {isa = PBXFileReference; lastKnownFileType = sourcecode.swift; path = "UIView+AddSubviews.swift"; sourceTree = "<group>"; };
		1C56ABD52AB456B70040B789 /* MiddleBarHStackView.swift */ = {isa = PBXFileReference; lastKnownFileType = sourcecode.swift; path = MiddleBarHStackView.swift; sourceTree = "<group>"; };
		1C56ABD72AB4AA060040B789 /* UserFollowInfoHStackView.swift */ = {isa = PBXFileReference; lastKnownFileType = sourcecode.swift; path = UserFollowInfoHStackView.swift; sourceTree = "<group>"; };
		1C56ABDB2AB4AAB00040B789 /* UserInfoVStackView.swift */ = {isa = PBXFileReference; lastKnownFileType = sourcecode.swift; path = UserInfoVStackView.swift; sourceTree = "<group>"; };
		1C5BB6E32AB937220033B6C8 /* AppCoordinator.swift */ = {isa = PBXFileReference; lastKnownFileType = sourcecode.swift; path = AppCoordinator.swift; sourceTree = "<group>"; };
		1C5BB6E62AB948510033B6C8 /* HomeViewController.swift */ = {isa = PBXFileReference; lastKnownFileType = sourcecode.swift; path = HomeViewController.swift; sourceTree = "<group>"; };
		1C5BB6E82AB948ED0033B6C8 /* HomeViewCoordinator.swift */ = {isa = PBXFileReference; lastKnownFileType = sourcecode.swift; path = HomeViewCoordinator.swift; sourceTree = "<group>"; };
		1C5BB6ED2AB9B86C0033B6C8 /* CAAnimationGradientLayer.swift */ = {isa = PBXFileReference; lastKnownFileType = sourcecode.swift; path = CAAnimationGradientLayer.swift; sourceTree = "<group>"; };
		1C5BB6F82ABAEACD0033B6C8 /* TaskGroupViewController.swift */ = {isa = PBXFileReference; lastKnownFileType = sourcecode.swift; path = TaskGroupViewController.swift; sourceTree = "<group>"; };
		1C5BB6FC2ABAEB700033B6C8 /* TaskGroupViewCoordinator.swift */ = {isa = PBXFileReference; lastKnownFileType = sourcecode.swift; path = TaskGroupViewCoordinator.swift; sourceTree = "<group>"; };
		1C5BB6FE2ABB17BF0033B6C8 /* NavigationCell.swift */ = {isa = PBXFileReference; lastKnownFileType = sourcecode.swift; path = NavigationCell.swift; sourceTree = "<group>"; };
		1C5BB7002ABB5BB90033B6C8 /* TaskCell.swift */ = {isa = PBXFileReference; lastKnownFileType = sourcecode.swift; path = TaskCell.swift; sourceTree = "<group>"; };
		1C5BB7022ABBF1B20033B6C8 /* TaskViewModel.swift */ = {isa = PBXFileReference; lastKnownFileType = sourcecode.swift; path = TaskViewModel.swift; sourceTree = "<group>"; };
		1C5BB7042ABBF2380033B6C8 /* CoreDataManager.swift */ = {isa = PBXFileReference; lastKnownFileType = sourcecode.swift; path = CoreDataManager.swift; sourceTree = "<group>"; };
		1C5BB7092ABC493B0033B6C8 /* IGProfileDesignViewCoordinator.swift */ = {isa = PBXFileReference; lastKnownFileType = sourcecode.swift; path = IGProfileDesignViewCoordinator.swift; sourceTree = "<group>"; };
		1C5BB70B2ABC61E90033B6C8 /* PhotoCell.swift */ = {isa = PBXFileReference; lastKnownFileType = sourcecode.swift; path = PhotoCell.swift; sourceTree = "<group>"; };
/* End PBXFileReference section */

/* Begin PBXFrameworksBuildPhase section */
		1C56AB482AB2A19C0040B789 /* Frameworks */ = {
			isa = PBXFrameworksBuildPhase;
			buildActionMask = 2147483647;
			files = (
				1C56ABB42AB3F3750040B789 /* SnapKit in Frameworks */,
				1C56ABB72AB3F38D0040B789 /* Then in Frameworks */,
			);
			runOnlyForDeploymentPostprocessing = 0;
		};
		1C56AB612AB2A19C0040B789 /* Frameworks */ = {
			isa = PBXFrameworksBuildPhase;
			buildActionMask = 2147483647;
			files = (
			);
			runOnlyForDeploymentPostprocessing = 0;
		};
		1C56AB6B2AB2A19D0040B789 /* Frameworks */ = {
			isa = PBXFrameworksBuildPhase;
			buildActionMask = 2147483647;
			files = (
			);
			runOnlyForDeploymentPostprocessing = 0;
		};
/* End PBXFrameworksBuildPhase section */

/* Begin PBXGroup section */
		1C56AB422AB2A19B0040B789 = {
			isa = PBXGroup;
			children = (
				1C56AB4D2AB2A19C0040B789 /* CoreTodo */,
				1C56AB672AB2A19C0040B789 /* CoreTodoTests */,
				1C56AB712AB2A19D0040B789 /* CoreTodoUITests */,
				1C56AB4C2AB2A19C0040B789 /* Products */,
			);
			sourceTree = "<group>";
		};
		1C56AB4C2AB2A19C0040B789 /* Products */ = {
			isa = PBXGroup;
			children = (
				1C56AB4B2AB2A19C0040B789 /* CoreTodo.app */,
				1C56AB642AB2A19C0040B789 /* CoreTodoTests.xctest */,
				1C56AB6E2AB2A19D0040B789 /* CoreTodoUITests.xctest */,
			);
			name = Products;
			sourceTree = "<group>";
		};
		1C56AB4D2AB2A19C0040B789 /* CoreTodo */ = {
			isa = PBXGroup;
			children = (
				1C56ABBC2AB41A590040B789 /* Global */,
				1C56ABA12AB2CFD80040B789 /* Resource */,
				1C56AB9A2AB2A7B30040B789 /* Presentation */,
				1C56AB8C2AB2A6420040B789 /* Utility */,
				1C56AB872AB2A4010040B789 /* Application */,
			);
			path = CoreTodo;
			sourceTree = "<group>";
		};
		1C56AB672AB2A19C0040B789 /* CoreTodoTests */ = {
			isa = PBXGroup;
			children = (
				1C56AB682AB2A19D0040B789 /* CoreTodoTests.swift */,
			);
			path = CoreTodoTests;
			sourceTree = "<group>";
		};
		1C56AB712AB2A19D0040B789 /* CoreTodoUITests */ = {
			isa = PBXGroup;
			children = (
				1C56AB722AB2A19D0040B789 /* CoreTodoUITests.swift */,
				1C56AB742AB2A19D0040B789 /* CoreTodoUITestsLaunchTests.swift */,
			);
			path = CoreTodoUITests;
			sourceTree = "<group>";
		};
		1C56AB872AB2A4010040B789 /* Application */ = {
			isa = PBXGroup;
			children = (
				1C56AB882AB2A4010040B789 /* AppDelegate.swift */,
				1C56AB892AB2A4010040B789 /* SceneDelegate.swift */,
				1C5BB6E32AB937220033B6C8 /* AppCoordinator.swift */,
			);
			path = Application;
			sourceTree = "<group>";
		};
		1C56AB8C2AB2A6420040B789 /* Utility */ = {
			isa = PBXGroup;
			children = (
				1C56ABAE2AB2E0700040B789 /* StringLiterals.swift */,
				1C5BB7042ABBF2380033B6C8 /* CoreDataManager.swift */,
			);
			path = Utility;
			sourceTree = "<group>";
		};
		1C56AB9A2AB2A7B30040B789 /* Presentation */ = {
			isa = PBXGroup;
			children = (
				1C5BB6F72ABAEA9B0033B6C8 /* TaskGroup */,
				1C5BB6E52AB948410033B6C8 /* Home */,
				1C56ABC62AB449DD0040B789 /* IGProfileDesignView */,
			);
			path = Presentation;
			sourceTree = "<group>";
		};
		1C56ABA12AB2CFD80040B789 /* Resource */ = {
			isa = PBXGroup;
			children = (
				1C56ABA42AB2CFD80040B789 /* Assets.xcassets */,
				1C56ABA52AB2CFD80040B789 /* CoreTodo.xcdatamodeld */,
				1C56ABA72AB2CFD80040B789 /* Info.plist */,
				1C56ABAC2AB2D2000040B789 /* LaunchScreen.storyboard */,
			);
			path = Resource;
			sourceTree = "<group>";
		};
		1C56ABBC2AB41A590040B789 /* Global */ = {
			isa = PBXGroup;
			children = (
				1C56ABC32AB41CDD0040B789 /* Protocol */,
				1C56ABBD2AB41A590040B789 /* Extension */,
			);
			path = Global;
			sourceTree = "<group>";
		};
		1C56ABBD2AB41A590040B789 /* Extension */ = {
			isa = PBXGroup;
			children = (
				1C56ABBE2AB41A6A0040B789 /* UIColor+Hexadecimal.swift */,
				1C56ABCD2AB44E4A0040B789 /* UIStackView+AddArrangedSubviews.swift */,
				1C56ABCF2AB454D80040B789 /* UIView+AddSubviews.swift */,
			);
			path = Extension;
			sourceTree = "<group>";
		};
		1C56ABC32AB41CDD0040B789 /* Protocol */ = {
			isa = PBXGroup;
			children = (
				1C56ABC42AB41D260040B789 /* UIViewControllerConfigurable.swift */,
				1C56ABC92AB44A840040B789 /* UIStackViewConfigurable.swift */,
				1C56AB8D2AB2A6520040B789 /* Coordinator.swift */,
			);
			path = Protocol;
			sourceTree = "<group>";
		};
		1C56ABC62AB449DD0040B789 /* IGProfileDesignView */ = {
			isa = PBXGroup;
			children = (
				1C5BB7082ABC49300033B6C8 /* Coordinator */,
				1C56ABD22AB4564D0040B789 /* Component */,
				1C56ABD12AB455FF0040B789 /* View */,
			);
			path = IGProfileDesignView;
			sourceTree = "<group>";
		};
		1C56ABD12AB455FF0040B789 /* View */ = {
			isa = PBXGroup;
			children = (
				1C56AB9D2AB2A8940040B789 /* IGProfileDesignViewController.swift */,
			);
			path = View;
			sourceTree = "<group>";
		};
		1C56ABD22AB4564D0040B789 /* Component */ = {
			isa = PBXGroup;
			children = (
				1C56ABD52AB456B70040B789 /* MiddleBarHStackView.swift */,
				1C56ABD72AB4AA060040B789 /* UserFollowInfoHStackView.swift */,
				1C56ABDB2AB4AAB00040B789 /* UserInfoVStackView.swift */,
				1C465C622AB5ACAB00B27748 /* NavigationBarHStackView.swift */,
				1C5BB70B2ABC61E90033B6C8 /* PhotoCell.swift */,
			);
			path = Component;
			sourceTree = "<group>";
		};
		1C5BB6E52AB948410033B6C8 /* Home */ = {
			isa = PBXGroup;
			children = (
				1C5BB6EC2AB9B7E50033B6C8 /* Component */,
				1C5BB6E62AB948510033B6C8 /* HomeViewController.swift */,
				1C5BB6E82AB948ED0033B6C8 /* HomeViewCoordinator.swift */,
			);
			path = Home;
			sourceTree = "<group>";
		};
		1C5BB6EC2AB9B7E50033B6C8 /* Component */ = {
			isa = PBXGroup;
			children = (
				1C5BB6ED2AB9B86C0033B6C8 /* CAAnimationGradientLayer.swift */,
				1C5BB6FE2ABB17BF0033B6C8 /* NavigationCell.swift */,
			);
			path = Component;
			sourceTree = "<group>";
		};
		1C5BB6F72ABAEA9B0033B6C8 /* TaskGroup */ = {
			isa = PBXGroup;
			children = (
				1C5BB7102ABC68520033B6C8 /* View */,
				1C5BB70F2ABC68170033B6C8 /* Coordinator */,
				1C5BB7072ABC47B90033B6C8 /* Component */,
				1C5BB7062ABC479D0033B6C8 /* ViewModel */,
			);
			path = TaskGroup;
			sourceTree = "<group>";
		};
		1C5BB7062ABC479D0033B6C8 /* ViewModel */ = {
			isa = PBXGroup;
			children = (
				1C5BB7022ABBF1B20033B6C8 /* TaskViewModel.swift */,
			);
			path = ViewModel;
			sourceTree = "<group>";
		};
		1C5BB7072ABC47B90033B6C8 /* Component */ = {
			isa = PBXGroup;
			children = (
				1C5BB7002ABB5BB90033B6C8 /* TaskCell.swift */,
			);
			path = Component;
			sourceTree = "<group>";
		};
		1C5BB7082ABC49300033B6C8 /* Coordinator */ = {
			isa = PBXGroup;
			children = (
				1C5BB7092ABC493B0033B6C8 /* IGProfileDesignViewCoordinator.swift */,
			);
			path = Coordinator;
			sourceTree = "<group>";
		};
		1C5BB70F2ABC68170033B6C8 /* Coordinator */ = {
			isa = PBXGroup;
			children = (
				1C5BB6FC2ABAEB700033B6C8 /* TaskGroupViewCoordinator.swift */,
			);
			path = Coordinator;
			sourceTree = "<group>";
		};
		1C5BB7102ABC68520033B6C8 /* View */ = {
			isa = PBXGroup;
			children = (
				1C5BB6F82ABAEACD0033B6C8 /* TaskGroupViewController.swift */,
			);
			path = View;
			sourceTree = "<group>";
		};
/* End PBXGroup section */

/* Begin PBXNativeTarget section */
		1C56AB4A2AB2A19C0040B789 /* CoreTodo */ = {
			isa = PBXNativeTarget;
			buildConfigurationList = 1C56AB782AB2A19D0040B789 /* Build configuration list for PBXNativeTarget "CoreTodo" */;
			buildPhases = (
				1C56AB472AB2A19C0040B789 /* Sources */,
				1C56AB482AB2A19C0040B789 /* Frameworks */,
				1C56AB492AB2A19C0040B789 /* Resources */,
				1C56ABB12AB361D70040B789 /* SwiftLint */,
			);
			buildRules = (
			);
			dependencies = (
			);
			name = CoreTodo;
			packageProductDependencies = (
				1C56ABB32AB3F3750040B789 /* SnapKit */,
				1C56ABB62AB3F38D0040B789 /* Then */,
			);
			productName = CoreTodo;
			productReference = 1C56AB4B2AB2A19C0040B789 /* CoreTodo.app */;
			productType = "com.apple.product-type.application";
		};
		1C56AB632AB2A19C0040B789 /* CoreTodoTests */ = {
			isa = PBXNativeTarget;
			buildConfigurationList = 1C56AB7B2AB2A19D0040B789 /* Build configuration list for PBXNativeTarget "CoreTodoTests" */;
			buildPhases = (
				1C56AB602AB2A19C0040B789 /* Sources */,
				1C56AB612AB2A19C0040B789 /* Frameworks */,
				1C56AB622AB2A19C0040B789 /* Resources */,
			);
			buildRules = (
			);
			dependencies = (
				1C56AB662AB2A19C0040B789 /* PBXTargetDependency */,
			);
			name = CoreTodoTests;
			productName = CoreTodoTests;
			productReference = 1C56AB642AB2A19C0040B789 /* CoreTodoTests.xctest */;
			productType = "com.apple.product-type.bundle.unit-test";
		};
		1C56AB6D2AB2A19D0040B789 /* CoreTodoUITests */ = {
			isa = PBXNativeTarget;
			buildConfigurationList = 1C56AB7E2AB2A19D0040B789 /* Build configuration list for PBXNativeTarget "CoreTodoUITests" */;
			buildPhases = (
				1C56AB6A2AB2A19D0040B789 /* Sources */,
				1C56AB6B2AB2A19D0040B789 /* Frameworks */,
				1C56AB6C2AB2A19D0040B789 /* Resources */,
			);
			buildRules = (
			);
			dependencies = (
				1C56AB702AB2A19D0040B789 /* PBXTargetDependency */,
			);
			name = CoreTodoUITests;
			productName = CoreTodoUITests;
			productReference = 1C56AB6E2AB2A19D0040B789 /* CoreTodoUITests.xctest */;
			productType = "com.apple.product-type.bundle.ui-testing";
		};
/* End PBXNativeTarget section */

/* Begin PBXProject section */
		1C56AB432AB2A19B0040B789 /* Project object */ = {
			isa = PBXProject;
			attributes = {
				BuildIndependentTargetsInParallel = 1;
				LastSwiftUpdateCheck = 1430;
				LastUpgradeCheck = 1430;
				TargetAttributes = {
					1C56AB4A2AB2A19C0040B789 = {
						CreatedOnToolsVersion = 14.3.1;
					};
					1C56AB632AB2A19C0040B789 = {
						CreatedOnToolsVersion = 14.3.1;
						TestTargetID = 1C56AB4A2AB2A19C0040B789;
					};
					1C56AB6D2AB2A19D0040B789 = {
						CreatedOnToolsVersion = 14.3.1;
						TestTargetID = 1C56AB4A2AB2A19C0040B789;
					};
				};
			};
			buildConfigurationList = 1C56AB462AB2A19B0040B789 /* Build configuration list for PBXProject "CoreTodo" */;
			compatibilityVersion = "Xcode 14.0";
			developmentRegion = en;
			hasScannedForEncodings = 0;
			knownRegions = (
				en,
				Base,
				Launch,
			);
			mainGroup = 1C56AB422AB2A19B0040B789;
			packageReferences = (
				1C56ABB22AB3F3750040B789 /* XCRemoteSwiftPackageReference "SnapKit" */,
				1C56ABB52AB3F38D0040B789 /* XCRemoteSwiftPackageReference "Then" */,
			);
			productRefGroup = 1C56AB4C2AB2A19C0040B789 /* Products */;
			projectDirPath = "";
			projectRoot = "";
			targets = (
				1C56AB4A2AB2A19C0040B789 /* CoreTodo */,
				1C56AB632AB2A19C0040B789 /* CoreTodoTests */,
				1C56AB6D2AB2A19D0040B789 /* CoreTodoUITests */,
			);
		};
/* End PBXProject section */

/* Begin PBXResourcesBuildPhase section */
		1C56AB492AB2A19C0040B789 /* Resources */ = {
			isa = PBXResourcesBuildPhase;
			buildActionMask = 2147483647;
			files = (
				1C56ABA92AB2CFD80040B789 /* Assets.xcassets in Resources */,
				1C56ABAD2AB2D2000040B789 /* LaunchScreen.storyboard in Resources */,
			);
			runOnlyForDeploymentPostprocessing = 0;
		};
		1C56AB622AB2A19C0040B789 /* Resources */ = {
			isa = PBXResourcesBuildPhase;
			buildActionMask = 2147483647;
			files = (
			);
			runOnlyForDeploymentPostprocessing = 0;
		};
		1C56AB6C2AB2A19D0040B789 /* Resources */ = {
			isa = PBXResourcesBuildPhase;
			buildActionMask = 2147483647;
			files = (
			);
			runOnlyForDeploymentPostprocessing = 0;
		};
/* End PBXResourcesBuildPhase section */

/* Begin PBXShellScriptBuildPhase section */
		1C56ABB12AB361D70040B789 /* SwiftLint */ = {
			isa = PBXShellScriptBuildPhase;
			alwaysOutOfDate = 1;
			buildActionMask = 2147483647;
			files = (
			);
			inputFileListPaths = (
			);
			inputPaths = (
			);
			name = SwiftLint;
			outputFileListPaths = (
			);
			outputPaths = (
			);
			runOnlyForDeploymentPostprocessing = 0;
			shellPath = /bin/sh;
			shellScript = "if [[ \"$(uname -m)\" == arm64 ]]; then\n    export PATH=\"/opt/homebrew/bin:$PATH\"\nfi\n\nexport PATH\n\nif which swiftlint > /dev/null; then\n  swiftlint\nelse\n  echo \"warning: SwiftLint not installed, download from https://github.com/realm/SwiftLint\"\nfi\n";
		};
/* End PBXShellScriptBuildPhase section */

/* Begin PBXSourcesBuildPhase section */
		1C56AB472AB2A19C0040B789 /* Sources */ = {
			isa = PBXSourcesBuildPhase;
			buildActionMask = 2147483647;
			files = (
				1C5BB6E92AB948ED0033B6C8 /* HomeViewCoordinator.swift in Sources */,
				1C5BB6FD2ABAEB700033B6C8 /* TaskGroupViewCoordinator.swift in Sources */,
				1C56ABAF2AB2E0700040B789 /* StringLiterals.swift in Sources */,
				1C56AB8A2AB2A4010040B789 /* AppDelegate.swift in Sources */,
				1C56ABAA2AB2CFD80040B789 /* CoreTodo.xcdatamodeld in Sources */,
				1C5BB6E72AB948510033B6C8 /* HomeViewController.swift in Sources */,
				1C56AB8E2AB2A6520040B789 /* Coordinator.swift in Sources */,
				1C5BB6E42AB937220033B6C8 /* AppCoordinator.swift in Sources */,
				1C56ABDC2AB4AAB00040B789 /* UserInfoVStackView.swift in Sources */,
				1C56ABD02AB454D80040B789 /* UIView+AddSubviews.swift in Sources */,
				1C5BB70C2ABC61E90033B6C8 /* PhotoCell.swift in Sources */,
				1C56ABCA2AB44A840040B789 /* UIStackViewConfigurable.swift in Sources */,
				1C56ABCE2AB44E4A0040B789 /* UIStackView+AddArrangedSubviews.swift in Sources */,
				1C56ABBF2AB41A6A0040B789 /* UIColor+Hexadecimal.swift in Sources */,
				1C5BB7032ABBF1B20033B6C8 /* TaskViewModel.swift in Sources */,
				1C56ABD62AB456B70040B789 /* MiddleBarHStackView.swift in Sources */,
				1C56AB8B2AB2A4010040B789 /* SceneDelegate.swift in Sources */,
				1C56AB9E2AB2A8940040B789 /* IGProfileDesignViewController.swift in Sources */,
				1C465C632AB5ACAB00B27748 /* NavigationBarHStackView.swift in Sources */,
				1C5BB7052ABBF2380033B6C8 /* CoreDataManager.swift in Sources */,
				1C5BB70A2ABC493B0033B6C8 /* IGProfileDesignViewCoordinator.swift in Sources */,
				1C56ABC52AB41D260040B789 /* UIViewControllerConfigurable.swift in Sources */,
				1C5BB6F92ABAEACD0033B6C8 /* TaskGroupViewController.swift in Sources */,
				1C5BB6FF2ABB17BF0033B6C8 /* NavigationCell.swift in Sources */,
				1C5BB6EE2AB9B86C0033B6C8 /* CAAnimationGradientLayer.swift in Sources */,
				1C5BB7012ABB5BB90033B6C8 /* TaskCell.swift in Sources */,
				1C56ABD82AB4AA060040B789 /* UserFollowInfoHStackView.swift in Sources */,
			);
			runOnlyForDeploymentPostprocessing = 0;
		};
		1C56AB602AB2A19C0040B789 /* Sources */ = {
			isa = PBXSourcesBuildPhase;
			buildActionMask = 2147483647;
			files = (
				1C56AB692AB2A19D0040B789 /* CoreTodoTests.swift in Sources */,
			);
			runOnlyForDeploymentPostprocessing = 0;
		};
		1C56AB6A2AB2A19D0040B789 /* Sources */ = {
			isa = PBXSourcesBuildPhase;
			buildActionMask = 2147483647;
			files = (
				1C56AB752AB2A19D0040B789 /* CoreTodoUITestsLaunchTests.swift in Sources */,
				1C56AB732AB2A19D0040B789 /* CoreTodoUITests.swift in Sources */,
			);
			runOnlyForDeploymentPostprocessing = 0;
		};
/* End PBXSourcesBuildPhase section */

/* Begin PBXTargetDependency section */
		1C56AB662AB2A19C0040B789 /* PBXTargetDependency */ = {
			isa = PBXTargetDependency;
			target = 1C56AB4A2AB2A19C0040B789 /* CoreTodo */;
			targetProxy = 1C56AB652AB2A19C0040B789 /* PBXContainerItemProxy */;
		};
		1C56AB702AB2A19D0040B789 /* PBXTargetDependency */ = {
			isa = PBXTargetDependency;
			target = 1C56AB4A2AB2A19C0040B789 /* CoreTodo */;
			targetProxy = 1C56AB6F2AB2A19D0040B789 /* PBXContainerItemProxy */;
		};
/* End PBXTargetDependency section */

/* Begin XCBuildConfiguration section */
		1C56AB762AB2A19D0040B789 /* Debug */ = {
			isa = XCBuildConfiguration;
			buildSettings = {
				ALWAYS_SEARCH_USER_PATHS = NO;
				CLANG_ANALYZER_NONNULL = YES;
				CLANG_ANALYZER_NUMBER_OBJECT_CONVERSION = YES_AGGRESSIVE;
				CLANG_CXX_LANGUAGE_STANDARD = "gnu++20";
				CLANG_ENABLE_MODULES = YES;
				CLANG_ENABLE_OBJC_ARC = YES;
				CLANG_ENABLE_OBJC_WEAK = YES;
				CLANG_WARN_BLOCK_CAPTURE_AUTORELEASING = YES;
				CLANG_WARN_BOOL_CONVERSION = YES;
				CLANG_WARN_COMMA = YES;
				CLANG_WARN_CONSTANT_CONVERSION = YES;
				CLANG_WARN_DEPRECATED_OBJC_IMPLEMENTATIONS = YES;
				CLANG_WARN_DIRECT_OBJC_ISA_USAGE = YES_ERROR;
				CLANG_WARN_DOCUMENTATION_COMMENTS = YES;
				CLANG_WARN_EMPTY_BODY = YES;
				CLANG_WARN_ENUM_CONVERSION = YES;
				CLANG_WARN_INFINITE_RECURSION = YES;
				CLANG_WARN_INT_CONVERSION = YES;
				CLANG_WARN_NON_LITERAL_NULL_CONVERSION = YES;
				CLANG_WARN_OBJC_IMPLICIT_RETAIN_SELF = YES;
				CLANG_WARN_OBJC_LITERAL_CONVERSION = YES;
				CLANG_WARN_OBJC_ROOT_CLASS = YES_ERROR;
				CLANG_WARN_QUOTED_INCLUDE_IN_FRAMEWORK_HEADER = YES;
				CLANG_WARN_RANGE_LOOP_ANALYSIS = YES;
				CLANG_WARN_STRICT_PROTOTYPES = YES;
				CLANG_WARN_SUSPICIOUS_MOVE = YES;
				CLANG_WARN_UNGUARDED_AVAILABILITY = YES_AGGRESSIVE;
				CLANG_WARN_UNREACHABLE_CODE = YES;
				CLANG_WARN__DUPLICATE_METHOD_MATCH = YES;
				COPY_PHASE_STRIP = NO;
				DEBUG_INFORMATION_FORMAT = dwarf;
				ENABLE_STRICT_OBJC_MSGSEND = YES;
				ENABLE_TESTABILITY = YES;
				GCC_C_LANGUAGE_STANDARD = gnu11;
				GCC_DYNAMIC_NO_PIC = NO;
				GCC_NO_COMMON_BLOCKS = YES;
				GCC_OPTIMIZATION_LEVEL = 0;
				GCC_PREPROCESSOR_DEFINITIONS = (
					"DEBUG=1",
					"$(inherited)",
				);
				GCC_WARN_64_TO_32_BIT_CONVERSION = YES;
				GCC_WARN_ABOUT_RETURN_TYPE = YES_ERROR;
				GCC_WARN_UNDECLARED_SELECTOR = YES;
				GCC_WARN_UNINITIALIZED_AUTOS = YES_AGGRESSIVE;
				GCC_WARN_UNUSED_FUNCTION = YES;
				GCC_WARN_UNUSED_VARIABLE = YES;
				INFOPLIST_FILE = CoreTodo/Resource/Info.plist;
				IPHONEOS_DEPLOYMENT_TARGET = 16.4;
				MTL_ENABLE_DEBUG_INFO = INCLUDE_SOURCE;
				MTL_FAST_MATH = YES;
				ONLY_ACTIVE_ARCH = YES;
				SDKROOT = iphoneos;
				SWIFT_ACTIVE_COMPILATION_CONDITIONS = DEBUG;
				SWIFT_OPTIMIZATION_LEVEL = "-Onone";
			};
			name = Debug;
		};
		1C56AB772AB2A19D0040B789 /* Release */ = {
			isa = XCBuildConfiguration;
			buildSettings = {
				ALWAYS_SEARCH_USER_PATHS = NO;
				CLANG_ANALYZER_NONNULL = YES;
				CLANG_ANALYZER_NUMBER_OBJECT_CONVERSION = YES_AGGRESSIVE;
				CLANG_CXX_LANGUAGE_STANDARD = "gnu++20";
				CLANG_ENABLE_MODULES = YES;
				CLANG_ENABLE_OBJC_ARC = YES;
				CLANG_ENABLE_OBJC_WEAK = YES;
				CLANG_WARN_BLOCK_CAPTURE_AUTORELEASING = YES;
				CLANG_WARN_BOOL_CONVERSION = YES;
				CLANG_WARN_COMMA = YES;
				CLANG_WARN_CONSTANT_CONVERSION = YES;
				CLANG_WARN_DEPRECATED_OBJC_IMPLEMENTATIONS = YES;
				CLANG_WARN_DIRECT_OBJC_ISA_USAGE = YES_ERROR;
				CLANG_WARN_DOCUMENTATION_COMMENTS = YES;
				CLANG_WARN_EMPTY_BODY = YES;
				CLANG_WARN_ENUM_CONVERSION = YES;
				CLANG_WARN_INFINITE_RECURSION = YES;
				CLANG_WARN_INT_CONVERSION = YES;
				CLANG_WARN_NON_LITERAL_NULL_CONVERSION = YES;
				CLANG_WARN_OBJC_IMPLICIT_RETAIN_SELF = YES;
				CLANG_WARN_OBJC_LITERAL_CONVERSION = YES;
				CLANG_WARN_OBJC_ROOT_CLASS = YES_ERROR;
				CLANG_WARN_QUOTED_INCLUDE_IN_FRAMEWORK_HEADER = YES;
				CLANG_WARN_RANGE_LOOP_ANALYSIS = YES;
				CLANG_WARN_STRICT_PROTOTYPES = YES;
				CLANG_WARN_SUSPICIOUS_MOVE = YES;
				CLANG_WARN_UNGUARDED_AVAILABILITY = YES_AGGRESSIVE;
				CLANG_WARN_UNREACHABLE_CODE = YES;
				CLANG_WARN__DUPLICATE_METHOD_MATCH = YES;
				COPY_PHASE_STRIP = NO;
				DEBUG_INFORMATION_FORMAT = "dwarf-with-dsym";
				ENABLE_NS_ASSERTIONS = NO;
				ENABLE_STRICT_OBJC_MSGSEND = YES;
				GCC_C_LANGUAGE_STANDARD = gnu11;
				GCC_NO_COMMON_BLOCKS = YES;
				GCC_WARN_64_TO_32_BIT_CONVERSION = YES;
				GCC_WARN_ABOUT_RETURN_TYPE = YES_ERROR;
				GCC_WARN_UNDECLARED_SELECTOR = YES;
				GCC_WARN_UNINITIALIZED_AUTOS = YES_AGGRESSIVE;
				GCC_WARN_UNUSED_FUNCTION = YES;
				GCC_WARN_UNUSED_VARIABLE = YES;
				INFOPLIST_FILE = CoreTodo/Resource/Info.plist;
				IPHONEOS_DEPLOYMENT_TARGET = 16.4;
				MTL_ENABLE_DEBUG_INFO = NO;
				MTL_FAST_MATH = YES;
				SDKROOT = iphoneos;
				SWIFT_COMPILATION_MODE = wholemodule;
				SWIFT_OPTIMIZATION_LEVEL = "-O";
				VALIDATE_PRODUCT = YES;
			};
			name = Release;
		};
		1C56AB792AB2A19D0040B789 /* Debug */ = {
			isa = XCBuildConfiguration;
			buildSettings = {
				ASSETCATALOG_COMPILER_APPICON_NAME = AppIcon;
				ASSETCATALOG_COMPILER_GLOBAL_ACCENT_COLOR_NAME = AccentColor;
				CODE_SIGN_STYLE = Automatic;
				CURRENT_PROJECT_VERSION = 1;
				GENERATE_INFOPLIST_FILE = YES;
				INFOPLIST_FILE = CoreTodo/Resource/Info.plist;
				INFOPLIST_KEY_UIApplicationSupportsIndirectInputEvents = YES;
				INFOPLIST_KEY_UILaunchStoryboardName = LaunchScreen;
				INFOPLIST_KEY_UISupportedInterfaceOrientations = UIInterfaceOrientationPortrait;
				IPHONEOS_DEPLOYMENT_TARGET = 15.0;
				LD_RUNPATH_SEARCH_PATHS = (
					"$(inherited)",
					"@executable_path/Frameworks",
				);
				MARKETING_VERSION = 1.0;
				PRODUCT_BUNDLE_IDENTIFIER = archive.nbcamp.CoreTodo;
				PRODUCT_NAME = "$(TARGET_NAME)";
				SUPPORTED_PLATFORMS = "iphoneos iphonesimulator";
				SUPPORTS_MACCATALYST = NO;
				SUPPORTS_MAC_DESIGNED_FOR_IPHONE_IPAD = NO;
				SWIFT_EMIT_LOC_STRINGS = YES;
				SWIFT_VERSION = 5.0;
				TARGETED_DEVICE_FAMILY = "1,2";
			};
			name = Debug;
		};
		1C56AB7A2AB2A19D0040B789 /* Release */ = {
			isa = XCBuildConfiguration;
			buildSettings = {
				ASSETCATALOG_COMPILER_APPICON_NAME = AppIcon;
				ASSETCATALOG_COMPILER_GLOBAL_ACCENT_COLOR_NAME = AccentColor;
				CODE_SIGN_STYLE = Automatic;
				CURRENT_PROJECT_VERSION = 1;
				GENERATE_INFOPLIST_FILE = YES;
				INFOPLIST_FILE = CoreTodo/Resource/Info.plist;
				INFOPLIST_KEY_UIApplicationSupportsIndirectInputEvents = YES;
				INFOPLIST_KEY_UILaunchStoryboardName = LaunchScreen;
				INFOPLIST_KEY_UISupportedInterfaceOrientations = UIInterfaceOrientationPortrait;
				IPHONEOS_DEPLOYMENT_TARGET = 15.0;
				LD_RUNPATH_SEARCH_PATHS = (
					"$(inherited)",
					"@executable_path/Frameworks",
				);
				MARKETING_VERSION = 1.0;
				PRODUCT_BUNDLE_IDENTIFIER = archive.nbcamp.CoreTodo;
				PRODUCT_NAME = "$(TARGET_NAME)";
				SUPPORTED_PLATFORMS = "iphoneos iphonesimulator";
				SUPPORTS_MACCATALYST = NO;
				SUPPORTS_MAC_DESIGNED_FOR_IPHONE_IPAD = NO;
				SWIFT_EMIT_LOC_STRINGS = YES;
				SWIFT_VERSION = 5.0;
				TARGETED_DEVICE_FAMILY = "1,2";
			};
			name = Release;
		};
		1C56AB7C2AB2A19D0040B789 /* Debug */ = {
			isa = XCBuildConfiguration;
			buildSettings = {
				ALWAYS_EMBED_SWIFT_STANDARD_LIBRARIES = YES;
				BUNDLE_LOADER = "$(TEST_HOST)";
				CODE_SIGN_STYLE = Automatic;
				CURRENT_PROJECT_VERSION = 1;
				GENERATE_INFOPLIST_FILE = YES;
				IPHONEOS_DEPLOYMENT_TARGET = 16.4;
				MARKETING_VERSION = 1.0;
				PRODUCT_BUNDLE_IDENTIFIER = archive.nbcamp.CoreTodoTests;
				PRODUCT_NAME = "$(TARGET_NAME)";
				SWIFT_EMIT_LOC_STRINGS = NO;
				SWIFT_VERSION = 5.0;
				TARGETED_DEVICE_FAMILY = "1,2";
				TEST_HOST = "$(BUILT_PRODUCTS_DIR)/CoreTodo.app/$(BUNDLE_EXECUTABLE_FOLDER_PATH)/CoreTodo";
			};
			name = Debug;
		};
		1C56AB7D2AB2A19D0040B789 /* Release */ = {
			isa = XCBuildConfiguration;
			buildSettings = {
				ALWAYS_EMBED_SWIFT_STANDARD_LIBRARIES = YES;
				BUNDLE_LOADER = "$(TEST_HOST)";
				CODE_SIGN_STYLE = Automatic;
				CURRENT_PROJECT_VERSION = 1;
				GENERATE_INFOPLIST_FILE = YES;
				IPHONEOS_DEPLOYMENT_TARGET = 16.4;
				MARKETING_VERSION = 1.0;
				PRODUCT_BUNDLE_IDENTIFIER = archive.nbcamp.CoreTodoTests;
				PRODUCT_NAME = "$(TARGET_NAME)";
				SWIFT_EMIT_LOC_STRINGS = NO;
				SWIFT_VERSION = 5.0;
				TARGETED_DEVICE_FAMILY = "1,2";
				TEST_HOST = "$(BUILT_PRODUCTS_DIR)/CoreTodo.app/$(BUNDLE_EXECUTABLE_FOLDER_PATH)/CoreTodo";
			};
			name = Release;
		};
		1C56AB7F2AB2A19D0040B789 /* Debug */ = {
			isa = XCBuildConfiguration;
			buildSettings = {
				ALWAYS_EMBED_SWIFT_STANDARD_LIBRARIES = YES;
				CODE_SIGN_STYLE = Automatic;
				CURRENT_PROJECT_VERSION = 1;
				GENERATE_INFOPLIST_FILE = YES;
				MARKETING_VERSION = 1.0;
				PRODUCT_BUNDLE_IDENTIFIER = archive.nbcamp.CoreTodoUITests;
				PRODUCT_NAME = "$(TARGET_NAME)";
				SWIFT_EMIT_LOC_STRINGS = NO;
				SWIFT_VERSION = 5.0;
				TARGETED_DEVICE_FAMILY = "1,2";
				TEST_TARGET_NAME = CoreTodo;
			};
			name = Debug;
		};
		1C56AB802AB2A19D0040B789 /* Release */ = {
			isa = XCBuildConfiguration;
			buildSettings = {
				ALWAYS_EMBED_SWIFT_STANDARD_LIBRARIES = YES;
				CODE_SIGN_STYLE = Automatic;
				CURRENT_PROJECT_VERSION = 1;
				GENERATE_INFOPLIST_FILE = YES;
				MARKETING_VERSION = 1.0;
				PRODUCT_BUNDLE_IDENTIFIER = archive.nbcamp.CoreTodoUITests;
				PRODUCT_NAME = "$(TARGET_NAME)";
				SWIFT_EMIT_LOC_STRINGS = NO;
				SWIFT_VERSION = 5.0;
				TARGETED_DEVICE_FAMILY = "1,2";
				TEST_TARGET_NAME = CoreTodo;
			};
			name = Release;
		};
/* End XCBuildConfiguration section */

/* Begin XCConfigurationList section */
		1C56AB462AB2A19B0040B789 /* Build configuration list for PBXProject "CoreTodo" */ = {
			isa = XCConfigurationList;
			buildConfigurations = (
				1C56AB762AB2A19D0040B789 /* Debug */,
				1C56AB772AB2A19D0040B789 /* Release */,
			);
			defaultConfigurationIsVisible = 0;
			defaultConfigurationName = Release;
		};
		1C56AB782AB2A19D0040B789 /* Build configuration list for PBXNativeTarget "CoreTodo" */ = {
			isa = XCConfigurationList;
			buildConfigurations = (
				1C56AB792AB2A19D0040B789 /* Debug */,
				1C56AB7A2AB2A19D0040B789 /* Release */,
			);
			defaultConfigurationIsVisible = 0;
			defaultConfigurationName = Release;
		};
		1C56AB7B2AB2A19D0040B789 /* Build configuration list for PBXNativeTarget "CoreTodoTests" */ = {
			isa = XCConfigurationList;
			buildConfigurations = (
				1C56AB7C2AB2A19D0040B789 /* Debug */,
				1C56AB7D2AB2A19D0040B789 /* Release */,
			);
			defaultConfigurationIsVisible = 0;
			defaultConfigurationName = Release;
		};
		1C56AB7E2AB2A19D0040B789 /* Build configuration list for PBXNativeTarget "CoreTodoUITests" */ = {
			isa = XCConfigurationList;
			buildConfigurations = (
				1C56AB7F2AB2A19D0040B789 /* Debug */,
				1C56AB802AB2A19D0040B789 /* Release */,
			);
			defaultConfigurationIsVisible = 0;
			defaultConfigurationName = Release;
		};
/* End XCConfigurationList section */

/* Begin XCRemoteSwiftPackageReference section */
		1C56ABB22AB3F3750040B789 /* XCRemoteSwiftPackageReference "SnapKit" */ = {
			isa = XCRemoteSwiftPackageReference;
			repositoryURL = "https://github.com/SnapKit/SnapKit";
			requirement = {
				kind = upToNextMajorVersion;
				minimumVersion = 5.0.0;
			};
		};
		1C56ABB52AB3F38D0040B789 /* XCRemoteSwiftPackageReference "Then" */ = {
			isa = XCRemoteSwiftPackageReference;
			repositoryURL = "https://github.com/devxoul/Then";
			requirement = {
				kind = upToNextMajorVersion;
				minimumVersion = 3.0.0;
			};
		};
/* End XCRemoteSwiftPackageReference section */

/* Begin XCSwiftPackageProductDependency section */
		1C56ABB32AB3F3750040B789 /* SnapKit */ = {
			isa = XCSwiftPackageProductDependency;
			package = 1C56ABB22AB3F3750040B789 /* XCRemoteSwiftPackageReference "SnapKit" */;
			productName = SnapKit;
		};
		1C56ABB62AB3F38D0040B789 /* Then */ = {
			isa = XCSwiftPackageProductDependency;
			package = 1C56ABB52AB3F38D0040B789 /* XCRemoteSwiftPackageReference "Then" */;
			productName = Then;
		};
/* End XCSwiftPackageProductDependency section */

/* Begin XCVersionGroup section */
		1C56ABA52AB2CFD80040B789 /* CoreTodo.xcdatamodeld */ = {
			isa = XCVersionGroup;
			children = (
				1C56ABA62AB2CFD80040B789 /* CoreTodo.xcdatamodel */,
			);
			currentVersion = 1C56ABA62AB2CFD80040B789 /* CoreTodo.xcdatamodel */;
			path = CoreTodo.xcdatamodeld;
			sourceTree = "<group>";
			versionGroupType = wrapper.xcdatamodel;
		};
/* End XCVersionGroup section */
	};
	rootObject = 1C56AB432AB2A19B0040B789 /* Project object */;
}
